// !$*UTF8*$!
{
	archiveVersion = 1;
	classes = {
	};
	objectVersion = 77;
	objects = {

/* Begin PBXBuildFile section */
		003F42F72F60CB50002B4999 /* LlamaSwift in Frameworks */ = {isa = PBXBuildFile; productRef = 003F42F62F60CB50002B4999 /* LlamaSwift */; };
/* End PBXBuildFile section */

/* Begin PBXContainerItemProxy section */
		41195D142CFFA9A000A188A9 /* PBXContainerItemProxy */ = {
			isa = PBXContainerItemProxy;
			containerPortal = 41195CFA2CFFA99F00A188A9 /* Project object */;
			proxyType = 1;
			remoteGlobalIDString = 41195D012CFFA99F00A188A9;
			remoteInfo = "FHIR-HOSE";
		};
		41195D1E2CFFA9A000A188A9 /* PBXContainerItemProxy */ = {
			isa = PBXContainerItemProxy;
			containerPortal = 41195CFA2CFFA99F00A188A9 /* Project object */;
			proxyType = 1;
			remoteGlobalIDString = 41195D012CFFA99F00A188A9;
			remoteInfo = "FHIR-HOSE";
		};
/* End PBXContainerItemProxy section */

/* Begin PBXFileReference section */
		41195D022CFFA99F00A188A9 /* FHIR-HOSE.app */ = {isa = PBXFileReference; explicitFileType = wrapper.application; includeInIndex = 0; path = "FHIR-HOSE.app"; sourceTree = BUILT_PRODUCTS_DIR; };
		41195D132CFFA9A000A188A9 /* FHIR-HOSETests.xctest */ = {isa = PBXFileReference; explicitFileType = wrapper.cfbundle; includeInIndex = 0; path = "FHIR-HOSETests.xctest"; sourceTree = BUILT_PRODUCTS_DIR; };
		41195D1D2CFFA9A000A188A9 /* FHIR-HOSEUITests.xctest */ = {isa = PBXFileReference; explicitFileType = wrapper.cfbundle; includeInIndex = 0; path = "FHIR-HOSEUITests.xctest"; sourceTree = BUILT_PRODUCTS_DIR; };
/* End PBXFileReference section */

/* Begin PBXFileSystemSynchronizedBuildFileExceptionSet section */
		41195D332CFFB1EC00A188A9 /* Exceptions for "FHIR-HOSE" folder in "FHIR-HOSE" target */ = {
			isa = PBXFileSystemSynchronizedBuildFileExceptionSet;
			membershipExceptions = (
				Info.plist,
				LayoutLMv3.mlpackage,
				UdopDecoder.mlpackage,
				UdopEncoder.mlpackage,
			);
			target = 41195D012CFFA99F00A188A9 /* FHIR-HOSE */;
		};
/* End PBXFileSystemSynchronizedBuildFileExceptionSet section */

/* Begin PBXFileSystemSynchronizedGroupBuildPhaseMembershipExceptionSet section */
		00D3621C2F63083A00C797D5 /* Exceptions for "FHIR-HOSE" folder in "Copy Bundle Resources" phase from "FHIR-HOSE" target */ = {
			isa = PBXFileSystemSynchronizedGroupBuildPhaseMembershipExceptionSet;
			buildPhase = 41195D002CFFA99F00A188A9 /* Resources */;
			membershipExceptions = (
				LayoutLMv3.mlpackage,
				UdopDecoder.mlpackage,
				UdopEncoder.mlpackage,
			);
		};
/* End PBXFileSystemSynchronizedGroupBuildPhaseMembershipExceptionSet section */

/* Begin PBXFileSystemSynchronizedRootGroup section */
		41195D042CFFA99F00A188A9 /* FHIR-HOSE */ = {
			isa = PBXFileSystemSynchronizedRootGroup;
			exceptions = (
				41195D332CFFB1EC00A188A9 /* Exceptions for "FHIR-HOSE" folder in "FHIR-HOSE" target */,
				00D3621C2F63083A00C797D5 /* Exceptions for "FHIR-HOSE" folder in "Copy Bundle Resources" phase from "FHIR-HOSE" target */,
			);
			explicitFileTypes = {
				"inlined-minimum-fhir.json" = text.json;
			};
			path = "FHIR-HOSE";
			sourceTree = "<group>";
		};
		41195D162CFFA9A000A188A9 /* FHIR-HOSETests */ = {
			isa = PBXFileSystemSynchronizedRootGroup;
			path = "FHIR-HOSETests";
			sourceTree = "<group>";
		};
		41195D202CFFA9A000A188A9 /* FHIR-HOSEUITests */ = {
			isa = PBXFileSystemSynchronizedRootGroup;
			path = "FHIR-HOSEUITests";
			sourceTree = "<group>";
		};
/* End PBXFileSystemSynchronizedRootGroup section */

/* Begin PBXFrameworksBuildPhase section */
		41195CFF2CFFA99F00A188A9 /* Frameworks */ = {
			isa = PBXFrameworksBuildPhase;
			buildActionMask = 2147483647;
			files = (
				003F42F72F60CB50002B4999 /* LlamaSwift in Frameworks */,
			);
			runOnlyForDeploymentPostprocessing = 0;
		};
		41195D102CFFA9A000A188A9 /* Frameworks */ = {
			isa = PBXFrameworksBuildPhase;
			buildActionMask = 2147483647;
			files = (
			);
			runOnlyForDeploymentPostprocessing = 0;
		};
		41195D1A2CFFA9A000A188A9 /* Frameworks */ = {
			isa = PBXFrameworksBuildPhase;
			buildActionMask = 2147483647;
			files = (
			);
			runOnlyForDeploymentPostprocessing = 0;
		};
/* End PBXFrameworksBuildPhase section */

/* Begin PBXGroup section */
		41195CF92CFFA99F00A188A9 = {
			isa = PBXGroup;
			children = (
				41195D042CFFA99F00A188A9 /* FHIR-HOSE */,
				41195D162CFFA9A000A188A9 /* FHIR-HOSETests */,
				41195D202CFFA9A000A188A9 /* FHIR-HOSEUITests */,
				41195D032CFFA99F00A188A9 /* Products */,
			);
			sourceTree = "<group>";
		};
		41195D032CFFA99F00A188A9 /* Products */ = {
			isa = PBXGroup;
			children = (
				41195D022CFFA99F00A188A9 /* FHIR-HOSE.app */,
				41195D132CFFA9A000A188A9 /* FHIR-HOSETests.xctest */,
				41195D1D2CFFA9A000A188A9 /* FHIR-HOSEUITests.xctest */,
			);
			name = Products;
			sourceTree = "<group>";
		};
/* End PBXGroup section */

/* Begin PBXNativeTarget section */
		41195D012CFFA99F00A188A9 /* FHIR-HOSE */ = {
			isa = PBXNativeTarget;
			buildConfigurationList = 41195D272CFFA9A000A188A9 /* Build configuration list for PBXNativeTarget "FHIR-HOSE" */;
			buildPhases = (
				41195CFE2CFFA99F00A188A9 /* Sources */,
				41195CFF2CFFA99F00A188A9 /* Frameworks */,
				41195D002CFFA99F00A188A9 /* Resources */,
			);
			buildRules = (
			);
			dependencies = (
			);
			fileSystemSynchronizedGroups = (
				41195D042CFFA99F00A188A9 /* FHIR-HOSE */,
			);
			name = "FHIR-HOSE";
			packageProductDependencies = (
				003F42F62F60CB50002B4999 /* LlamaSwift */,
			);
			productName = "FHIR-HOSE";
			productReference = 41195D022CFFA99F00A188A9 /* FHIR-HOSE.app */;
			productType = "com.apple.product-type.application";
		};
		41195D122CFFA9A000A188A9 /* FHIR-HOSETests */ = {
			isa = PBXNativeTarget;
			buildConfigurationList = 41195D2A2CFFA9A000A188A9 /* Build configuration list for PBXNativeTarget "FHIR-HOSETests" */;
			buildPhases = (
				41195D0F2CFFA9A000A188A9 /* Sources */,
				41195D102CFFA9A000A188A9 /* Frameworks */,
				41195D112CFFA9A000A188A9 /* Resources */,
			);
			buildRules = (
			);
			dependencies = (
				41195D152CFFA9A000A188A9 /* PBXTargetDependency */,
			);
			fileSystemSynchronizedGroups = (
				41195D162CFFA9A000A188A9 /* FHIR-HOSETests */,
			);
			name = "FHIR-HOSETests";
			packageProductDependencies = (
			);
			productName = "FHIR-HOSETests";
			productReference = 41195D132CFFA9A000A188A9 /* FHIR-HOSETests.xctest */;
			productType = "com.apple.product-type.bundle.unit-test";
		};
		41195D1C2CFFA9A000A188A9 /* FHIR-HOSEUITests */ = {
			isa = PBXNativeTarget;
			buildConfigurationList = 41195D2D2CFFA9A000A188A9 /* Build configuration list for PBXNativeTarget "FHIR-HOSEUITests" */;
			buildPhases = (
				41195D192CFFA9A000A188A9 /* Sources */,
				41195D1A2CFFA9A000A188A9 /* Frameworks */,
				41195D1B2CFFA9A000A188A9 /* Resources */,
			);
			buildRules = (
			);
			dependencies = (
				41195D1F2CFFA9A000A188A9 /* PBXTargetDependency */,
			);
			fileSystemSynchronizedGroups = (
				41195D202CFFA9A000A188A9 /* FHIR-HOSEUITests */,
			);
			name = "FHIR-HOSEUITests";
			packageProductDependencies = (
			);
			productName = "FHIR-HOSEUITests";
			productReference = 41195D1D2CFFA9A000A188A9 /* FHIR-HOSEUITests.xctest */;
			productType = "com.apple.product-type.bundle.ui-testing";
		};
/* End PBXNativeTarget section */

/* Begin PBXProject section */
		41195CFA2CFFA99F00A188A9 /* Project object */ = {
			isa = PBXProject;
			attributes = {
				BuildIndependentTargetsInParallel = 1;
				LastSwiftUpdateCheck = 1610;
				LastUpgradeCheck = 1610;
				TargetAttributes = {
					41195D012CFFA99F00A188A9 = {
						CreatedOnToolsVersion = 16.1;
					};
					41195D122CFFA9A000A188A9 = {
						CreatedOnToolsVersion = 16.1;
						TestTargetID = 41195D012CFFA99F00A188A9;
					};
					41195D1C2CFFA9A000A188A9 = {
						CreatedOnToolsVersion = 16.1;
						TestTargetID = 41195D012CFFA99F00A188A9;
					};
				};
			};
			buildConfigurationList = 41195CFD2CFFA99F00A188A9 /* Build configuration list for PBXProject "FHIR-HOSE" */;
			developmentRegion = en;
			hasScannedForEncodings = 0;
			knownRegions = (
				en,
				Base,
			);
			mainGroup = 41195CF92CFFA99F00A188A9;
			minimizedProjectReferenceProxies = 1;
			packageReferences = (
				003F42F52F60CB50002B4999 /* XCRemoteSwiftPackageReference "llama" */,
			);
			preferredProjectObjectVersion = 77;
			productRefGroup = 41195D032CFFA99F00A188A9 /* Products */;
			projectDirPath = "";
			projectRoot = "";
			targets = (
				41195D012CFFA99F00A188A9 /* FHIR-HOSE */,
				41195D122CFFA9A000A188A9 /* FHIR-HOSETests */,
				41195D1C2CFFA9A000A188A9 /* FHIR-HOSEUITests */,
			);
		};
/* End PBXProject section */

/* Begin PBXResourcesBuildPhase section */
		41195D002CFFA99F00A188A9 /* Resources */ = {
			isa = PBXResourcesBuildPhase;
			buildActionMask = 2147483647;
			files = (
			);
			runOnlyForDeploymentPostprocessing = 0;
		};
		41195D112CFFA9A000A188A9 /* Resources */ = {
			isa = PBXResourcesBuildPhase;
			buildActionMask = 2147483647;
			files = (
			);
			runOnlyForDeploymentPostprocessing = 0;
		};
		41195D1B2CFFA9A000A188A9 /* Resources */ = {
			isa = PBXResourcesBuildPhase;
			buildActionMask = 2147483647;
			files = (
			);
			runOnlyForDeploymentPostprocessing = 0;
		};
/* End PBXResourcesBuildPhase section */

/* Begin PBXSourcesBuildPhase section */
		41195CFE2CFFA99F00A188A9 /* Sources */ = {
			isa = PBXSourcesBuildPhase;
			buildActionMask = 2147483647;
			files = (
			);
			runOnlyForDeploymentPostprocessing = 0;
		};
		41195D0F2CFFA9A000A188A9 /* Sources */ = {
			isa = PBXSourcesBuildPhase;
			buildActionMask = 2147483647;
			files = (
			);
			runOnlyForDeploymentPostprocessing = 0;
		};
		41195D192CFFA9A000A188A9 /* Sources */ = {
			isa = PBXSourcesBuildPhase;
			buildActionMask = 2147483647;
			files = (
			);
			runOnlyForDeploymentPostprocessing = 0;
		};
/* End PBXSourcesBuildPhase section */

/* Begin PBXTargetDependency section */
		41195D152CFFA9A000A188A9 /* PBXTargetDependency */ = {
			isa = PBXTargetDependency;
			target = 41195D012CFFA99F00A188A9 /* FHIR-HOSE */;
			targetProxy = 41195D142CFFA9A000A188A9 /* PBXContainerItemProxy */;
		};
		41195D1F2CFFA9A000A188A9 /* PBXTargetDependency */ = {
			isa = PBXTargetDependency;
			target = 41195D012CFFA99F00A188A9 /* FHIR-HOSE */;
			targetProxy = 41195D1E2CFFA9A000A188A9 /* PBXContainerItemProxy */;
		};
/* End PBXTargetDependency section */

/* Begin XCBuildConfiguration section */
		41195D252CFFA9A000A188A9 /* Debug */ = {
			isa = XCBuildConfiguration;
			buildSettings = {
				ALWAYS_SEARCH_USER_PATHS = NO;
				ASSETCATALOG_COMPILER_GENERATE_SWIFT_ASSET_SYMBOL_EXTENSIONS = YES;
				CLANG_ANALYZER_NONNULL = YES;
				CLANG_ANALYZER_NUMBER_OBJECT_CONVERSION = YES_AGGRESSIVE;
				CLANG_CXX_LANGUAGE_STANDARD = "gnu++20";
				CLANG_ENABLE_MODULES = YES;
				CLANG_ENABLE_OBJC_ARC = YES;
				CLANG_ENABLE_OBJC_WEAK = YES;
				CLANG_WARN_BLOCK_CAPTURE_AUTORELEASING = YES;
				CLANG_WARN_BOOL_CONVERSION = YES;
				CLANG_WARN_COMMA = YES;
				CLANG_WARN_CONSTANT_CONVERSION = YES;
				CLANG_WARN_DEPRECATED_OBJC_IMPLEMENTATIONS = YES;
				CLANG_WARN_DIRECT_OBJC_ISA_USAGE = YES_ERROR;
				CLANG_WARN_DOCUMENTATION_COMMENTS = YES;
				CLANG_WARN_EMPTY_BODY = YES;
				CLANG_WARN_ENUM_CONVERSION = YES;
				CLANG_WARN_INFINITE_RECURSION = YES;
				CLANG_WARN_INT_CONVERSION = YES;
				CLANG_WARN_NON_LITERAL_NULL_CONVERSION = YES;
				CLANG_WARN_OBJC_IMPLICIT_RETAIN_SELF = YES;
				CLANG_WARN_OBJC_LITERAL_CONVERSION = YES;
				CLANG_WARN_OBJC_ROOT_CLASS = YES_ERROR;
				CLANG_WARN_QUOTED_INCLUDE_IN_FRAMEWORK_HEADER = YES;
				CLANG_WARN_RANGE_LOOP_ANALYSIS = YES;
				CLANG_WARN_STRICT_PROTOTYPES = YES;
				CLANG_WARN_SUSPICIOUS_MOVE = YES;
				CLANG_WARN_UNGUARDED_AVAILABILITY = YES_AGGRESSIVE;
				CLANG_WARN_UNREACHABLE_CODE = YES;
				CLANG_WARN__DUPLICATE_METHOD_MATCH = YES;
				COPY_PHASE_STRIP = NO;
				DEBUG_INFORMATION_FORMAT = dwarf;
				ENABLE_STRICT_OBJC_MSGSEND = YES;
				ENABLE_TESTABILITY = YES;
				ENABLE_USER_SCRIPT_SANDBOXING = YES;
				GCC_C_LANGUAGE_STANDARD = gnu17;
				GCC_DYNAMIC_NO_PIC = NO;
				GCC_NO_COMMON_BLOCKS = YES;
				GCC_OPTIMIZATION_LEVEL = 0;
				GCC_PREPROCESSOR_DEFINITIONS = (
					"DEBUG=1",
					"$(inherited)",
				);
				GCC_WARN_64_TO_32_BIT_CONVERSION = YES;
				GCC_WARN_ABOUT_RETURN_TYPE = YES_ERROR;
				GCC_WARN_UNDECLARED_SELECTOR = YES;
				GCC_WARN_UNINITIALIZED_AUTOS = YES_AGGRESSIVE;
				GCC_WARN_UNUSED_FUNCTION = YES;
				GCC_WARN_UNUSED_VARIABLE = YES;
				LOCALIZATION_PREFERS_STRING_CATALOGS = YES;
				MTL_ENABLE_DEBUG_INFO = INCLUDE_SOURCE;
				MTL_FAST_MATH = YES;
				ONLY_ACTIVE_ARCH = YES;
				SWIFT_ACTIVE_COMPILATION_CONDITIONS = "DEBUG $(inherited)";
				SWIFT_OPTIMIZATION_LEVEL = "-Onone";
			};
			name = Debug;
		};
		41195D262CFFA9A000A188A9 /* Release */ = {
			isa = XCBuildConfiguration;
			buildSettings = {
				ALWAYS_SEARCH_USER_PATHS = NO;
				ASSETCATALOG_COMPILER_GENERATE_SWIFT_ASSET_SYMBOL_EXTENSIONS = YES;
				CLANG_ANALYZER_NONNULL = YES;
				CLANG_ANALYZER_NUMBER_OBJECT_CONVERSION = YES_AGGRESSIVE;
				CLANG_CXX_LANGUAGE_STANDARD = "gnu++20";
				CLANG_ENABLE_MODULES = YES;
				CLANG_ENABLE_OBJC_ARC = YES;
				CLANG_ENABLE_OBJC_WEAK = YES;
				CLANG_WARN_BLOCK_CAPTURE_AUTORELEASING = YES;
				CLANG_WARN_BOOL_CONVERSION = YES;
				CLANG_WARN_COMMA = YES;
				CLANG_WARN_CONSTANT_CONVERSION = YES;
				CLANG_WARN_DEPRECATED_OBJC_IMPLEMENTATIONS = YES;
				CLANG_WARN_DIRECT_OBJC_ISA_USAGE = YES_ERROR;
				CLANG_WARN_DOCUMENTATION_COMMENTS = YES;
				CLANG_WARN_EMPTY_BODY = YES;
				CLANG_WARN_ENUM_CONVERSION = YES;
				CLANG_WARN_INFINITE_RECURSION = YES;
				CLANG_WARN_INT_CONVERSION = YES;
				CLANG_WARN_NON_LITERAL_NULL_CONVERSION = YES;
				CLANG_WARN_OBJC_IMPLICIT_RETAIN_SELF = YES;
				CLANG_WARN_OBJC_LITERAL_CONVERSION = YES;
				CLANG_WARN_OBJC_ROOT_CLASS = YES_ERROR;
				CLANG_WARN_QUOTED_INCLUDE_IN_FRAMEWORK_HEADER = YES;
				CLANG_WARN_RANGE_LOOP_ANALYSIS = YES;
				CLANG_WARN_STRICT_PROTOTYPES = YES;
				CLANG_WARN_SUSPICIOUS_MOVE = YES;
				CLANG_WARN_UNGUARDED_AVAILABILITY = YES_AGGRESSIVE;
				CLANG_WARN_UNREACHABLE_CODE = YES;
				CLANG_WARN__DUPLICATE_METHOD_MATCH = YES;
				COPY_PHASE_STRIP = NO;
				DEBUG_INFORMATION_FORMAT = "dwarf-with-dsym";
				ENABLE_NS_ASSERTIONS = NO;
				ENABLE_STRICT_OBJC_MSGSEND = YES;
				ENABLE_USER_SCRIPT_SANDBOXING = YES;
				GCC_C_LANGUAGE_STANDARD = gnu17;
				GCC_NO_COMMON_BLOCKS = YES;
				GCC_WARN_64_TO_32_BIT_CONVERSION = YES;
				GCC_WARN_ABOUT_RETURN_TYPE = YES_ERROR;
				GCC_WARN_UNDECLARED_SELECTOR = YES;
				GCC_WARN_UNINITIALIZED_AUTOS = YES_AGGRESSIVE;
				GCC_WARN_UNUSED_FUNCTION = YES;
				GCC_WARN_UNUSED_VARIABLE = YES;
				LOCALIZATION_PREFERS_STRING_CATALOGS = YES;
				MTL_ENABLE_DEBUG_INFO = NO;
				MTL_FAST_MATH = YES;
				SWIFT_COMPILATION_MODE = wholemodule;
			};
			name = Release;
		};
		41195D282CFFA9A000A188A9 /* Debug */ = {
			isa = XCBuildConfiguration;
			buildSettings = {
				ASSETCATALOG_COMPILER_APPICON_NAME = AppIcon;
				ASSETCATALOG_COMPILER_GLOBAL_ACCENT_COLOR_NAME = AccentColor;
				CODE_SIGN_ENTITLEMENTS = "FHIR-HOSE/FHIR-HOSEDebug.entitlements";
				"CODE_SIGN_IDENTITY[sdk=macosx*]" = "Apple Development";
				CODE_SIGN_STYLE = Automatic;
				CURRENT_PROJECT_VERSION = 1;
				DEVELOPMENT_ASSET_PATHS = "\"FHIR-HOSE/Preview Content\"";
				DEVELOPMENT_TEAM = 8BS8KZN8F2;
				ENABLE_PREVIEWS = YES;
				GENERATE_INFOPLIST_FILE = YES;
				INFOPLIST_FILE = "FHIR-HOSE/Info.plist";
				INFOPLIST_KEY_NSCameraUsageDescription = "Camera access is used to scan medical forms for autofill.";
				INFOPLIST_KEY_NSDocumentsFolderUsageDescription = "We need access to store your health records.";
				INFOPLIST_KEY_NSHealthClinicalHealthRecordsShareUsageDescription = "This app needs access to clinical health records to process and analyze your medical documents.";
				INFOPLIST_KEY_NSHealthShareUsageDescription = "This app needs access to your health data to provide comprehensive health record management and analysis. This includes vital signs, body measurements, activity data, and other health metrics to create a complete health profile.";
				INFOPLIST_KEY_NSHealthUpdateUsageDescription = "This app needs permission to save calculated health metrics like BMI to your Health app to keep your health data synchronized and up-to-date.";
				INFOPLIST_KEY_NSPhotoLibraryUsageDescription = "We need access to upload medical images.";
				"INFOPLIST_KEY_UIApplicationSceneManifest_Generation[sdk=iphoneos*]" = YES;
				"INFOPLIST_KEY_UIApplicationSceneManifest_Generation[sdk=iphonesimulator*]" = YES;
				"INFOPLIST_KEY_UIApplicationSupportsIndirectInputEvents[sdk=iphoneos*]" = YES;
				"INFOPLIST_KEY_UIApplicationSupportsIndirectInputEvents[sdk=iphonesimulator*]" = YES;
				"INFOPLIST_KEY_UILaunchScreen_Generation[sdk=iphoneos*]" = YES;
				"INFOPLIST_KEY_UILaunchScreen_Generation[sdk=iphonesimulator*]" = YES;
				"INFOPLIST_KEY_UIStatusBarStyle[sdk=iphoneos*]" = UIStatusBarStyleDefault;
				"INFOPLIST_KEY_UIStatusBarStyle[sdk=iphonesimulator*]" = UIStatusBarStyleDefault;
				INFOPLIST_KEY_UISupportedInterfaceOrientations_iPad = "UIInterfaceOrientationPortrait UIInterfaceOrientationPortraitUpsideDown UIInterfaceOrientationLandscapeLeft UIInterfaceOrientationLandscapeRight";
				INFOPLIST_KEY_UISupportedInterfaceOrientations_iPhone = "UIInterfaceOrientationPortrait UIInterfaceOrientationLandscapeLeft UIInterfaceOrientationLandscapeRight";
				IPHONEOS_DEPLOYMENT_TARGET = 17.0;
				LD_RUNPATH_SEARCH_PATHS = "@executable_path/Frameworks";
				"LD_RUNPATH_SEARCH_PATHS[sdk=macosx*]" = "@executable_path/../Frameworks";
				MACOSX_DEPLOYMENT_TARGET = 14.6;
				MARKETING_VERSION = 1.0;
				PRODUCT_BUNDLE_IDENTIFIER = "CHARM.FHIR-HOSE-KTC";
				PRODUCT_NAME = "$(TARGET_NAME)";
				SDKROOT = auto;
				SUPPORTED_PLATFORMS = "iphoneos iphonesimulator";
				SUPPORTS_MACCATALYST = NO;
				SWIFT_EMIT_LOC_STRINGS = YES;
				SWIFT_VERSION = 5.0;
				TARGETED_DEVICE_FAMILY = "1,2";
				XROS_DEPLOYMENT_TARGET = 2.1;
			};
			name = Debug;
		};
		41195D292CFFA9A000A188A9 /* Release */ = {
			isa = XCBuildConfiguration;
			buildSettings = {
				ASSETCATALOG_COMPILER_APPICON_NAME = AppIcon;
				ASSETCATALOG_COMPILER_GLOBAL_ACCENT_COLOR_NAME = AccentColor;
				CODE_SIGN_ENTITLEMENTS = "FHIR-HOSE/FHIR_HOSE.entitlements";
				"CODE_SIGN_IDENTITY[sdk=macosx*]" = "Apple Development";
				CODE_SIGN_STYLE = Automatic;
				CURRENT_PROJECT_VERSION = 1;
				DEVELOPMENT_ASSET_PATHS = "\"FHIR-HOSE/Preview Content\"";
				DEVELOPMENT_TEAM = 8BS8KZN8F2;
				ENABLE_PREVIEWS = YES;
				GENERATE_INFOPLIST_FILE = YES;
				INFOPLIST_FILE = "FHIR-HOSE/Info.plist";
				INFOPLIST_KEY_NSCameraUsageDescription = "Camera access is used to scan medical forms for autofill.";
				INFOPLIST_KEY_NSDocumentsFolderUsageDescription = "We need access to store your health records.";
				INFOPLIST_KEY_NSHealthClinicalHealthRecordsShareUsageDescription = "This app needs access to clinical health records to process and analyze your medical documents.";
				INFOPLIST_KEY_NSHealthShareUsageDescription = "This app needs access to your health data to provide comprehensive health record management and analysis. This includes vital signs, body measurements, activity data, and other health metrics to create a complete health profile.";
				INFOPLIST_KEY_NSHealthUpdateUsageDescription = "This app needs permission to save calculated health metrics like BMI to your Health app to keep your health data synchronized and up-to-date.";
				INFOPLIST_KEY_NSPhotoLibraryUsageDescription = "We need access to upload medical images.";
				"INFOPLIST_KEY_UIApplicationSceneManifest_Generation[sdk=iphoneos*]" = YES;
				"INFOPLIST_KEY_UIApplicationSceneManifest_Generation[sdk=iphonesimulator*]" = YES;
				"INFOPLIST_KEY_UIApplicationSupportsIndirectInputEvents[sdk=iphoneos*]" = YES;
				"INFOPLIST_KEY_UIApplicationSupportsIndirectInputEvents[sdk=iphonesimulator*]" = YES;
				"INFOPLIST_KEY_UILaunchScreen_Generation[sdk=iphoneos*]" = YES;
				"INFOPLIST_KEY_UILaunchScreen_Generation[sdk=iphonesimulator*]" = YES;
				"INFOPLIST_KEY_UIStatusBarStyle[sdk=iphoneos*]" = UIStatusBarStyleDefault;
				"INFOPLIST_KEY_UIStatusBarStyle[sdk=iphonesimulator*]" = UIStatusBarStyleDefault;
				INFOPLIST_KEY_UISupportedInterfaceOrientations_iPad = "UIInterfaceOrientationPortrait UIInterfaceOrientationPortraitUpsideDown UIInterfaceOrientationLandscapeLeft UIInterfaceOrientationLandscapeRight";
				INFOPLIST_KEY_UISupportedInterfaceOrientations_iPhone = "UIInterfaceOrientationPortrait UIInterfaceOrientationLandscapeLeft UIInterfaceOrientationLandscapeRight";
				IPHONEOS_DEPLOYMENT_TARGET = 17.0;
				LD_RUNPATH_SEARCH_PATHS = "@executable_path/Frameworks";
				"LD_RUNPATH_SEARCH_PATHS[sdk=macosx*]" = "@executable_path/../Frameworks";
				MACOSX_DEPLOYMENT_TARGET = 14.6;
				MARKETING_VERSION = 1.0;
				PRODUCT_BUNDLE_IDENTIFIER = "CHARM.FHIR-HOSE";
				PRODUCT_NAME = "$(TARGET_NAME)";
				SDKROOT = auto;
				SUPPORTED_PLATFORMS = "iphoneos iphonesimulator";
				SUPPORTS_MACCATALYST = NO;
				SWIFT_EMIT_LOC_STRINGS = YES;
				SWIFT_VERSION = 5.0;
				TARGETED_DEVICE_FAMILY = "1,2";
				XROS_DEPLOYMENT_TARGET = 2.1;
			};
			name = Release;
		};
		41195D2B2CFFA9A000A188A9 /* Debug */ = {
			isa = XCBuildConfiguration;
			buildSettings = {
				BUNDLE_LOADER = "$(TEST_HOST)";
				CODE_SIGN_STYLE = Automatic;
				CURRENT_PROJECT_VERSION = 1;
				DEVELOPMENT_TEAM = 65GCKW6585;
				GENERATE_INFOPLIST_FILE = YES;
				IPHONEOS_DEPLOYMENT_TARGET = 18.1;
				MACOSX_DEPLOYMENT_TARGET = 14.6;
				MARKETING_VERSION = 1.0;
				PRODUCT_BUNDLE_IDENTIFIER = "CHARM.FHIR-HOSETests";
				PRODUCT_NAME = "$(TARGET_NAME)";
				SDKROOT = auto;
				SUPPORTED_PLATFORMS = "iphoneos iphonesimulator macosx xros xrsimulator";
				SWIFT_EMIT_LOC_STRINGS = NO;
				SWIFT_VERSION = 5.0;
				TARGETED_DEVICE_FAMILY = "1,2,7";
				TEST_HOST = "$(BUILT_PRODUCTS_DIR)/FHIR-HOSE.app/$(BUNDLE_EXECUTABLE_FOLDER_PATH)/FHIR-HOSE";
				XROS_DEPLOYMENT_TARGET = 2.1;
			};
			name = Debug;
		};
		41195D2C2CFFA9A000A188A9 /* Release */ = {
			isa = XCBuildConfiguration;
			buildSettings = {
				BUNDLE_LOADER = "$(TEST_HOST)";
				CODE_SIGN_STYLE = Automatic;
				CURRENT_PROJECT_VERSION = 1;
				DEVELOPMENT_TEAM = 65GCKW6585;
				GENERATE_INFOPLIST_FILE = YES;
				IPHONEOS_DEPLOYMENT_TARGET = 18.1;
				MACOSX_DEPLOYMENT_TARGET = 14.6;
				MARKETING_VERSION = 1.0;
				PRODUCT_BUNDLE_IDENTIFIER = "CHARM.FHIR-HOSETests";
				PRODUCT_NAME = "$(TARGET_NAME)";
				SDKROOT = auto;
				SUPPORTED_PLATFORMS = "iphoneos iphonesimulator macosx xros xrsimulator";
				SWIFT_EMIT_LOC_STRINGS = NO;
				SWIFT_VERSION = 5.0;
				TARGETED_DEVICE_FAMILY = "1,2,7";
				TEST_HOST = "$(BUILT_PRODUCTS_DIR)/FHIR-HOSE.app/$(BUNDLE_EXECUTABLE_FOLDER_PATH)/FHIR-HOSE";
				XROS_DEPLOYMENT_TARGET = 2.1;
			};
			name = Release;
		};
		41195D2E2CFFA9A000A188A9 /* Debug */ = {
			isa = XCBuildConfiguration;
			buildSettings = {
				CODE_SIGN_STYLE = Automatic;
				CURRENT_PROJECT_VERSION = 1;
				DEVELOPMENT_TEAM = 65GCKW6585;
				GENERATE_INFOPLIST_FILE = YES;
				IPHONEOS_DEPLOYMENT_TARGET = 18.1;
				MACOSX_DEPLOYMENT_TARGET = 14.6;
				MARKETING_VERSION = 1.0;
				PRODUCT_BUNDLE_IDENTIFIER = "CHARM.FHIR-HOSEUITests";
				PRODUCT_NAME = "$(TARGET_NAME)";
				SDKROOT = auto;
				SUPPORTED_PLATFORMS = "iphoneos iphonesimulator macosx xros xrsimulator";
				SWIFT_EMIT_LOC_STRINGS = NO;
				SWIFT_VERSION = 5.0;
				TARGETED_DEVICE_FAMILY = "1,2,7";
				TEST_TARGET_NAME = "FHIR-HOSE";
				XROS_DEPLOYMENT_TARGET = 2.1;
			};
			name = Debug;
		};
		41195D2F2CFFA9A000A188A9 /* Release */ = {
			isa = XCBuildConfiguration;
			buildSettings = {
				CODE_SIGN_STYLE = Automatic;
				CURRENT_PROJECT_VERSION = 1;
				DEVELOPMENT_TEAM = 65GCKW6585;
				GENERATE_INFOPLIST_FILE = YES;
				IPHONEOS_DEPLOYMENT_TARGET = 18.1;
				MACOSX_DEPLOYMENT_TARGET = 14.6;
				MARKETING_VERSION = 1.0;
				PRODUCT_BUNDLE_IDENTIFIER = "CHARM.FHIR-HOSEUITests";
				PRODUCT_NAME = "$(TARGET_NAME)";
				SDKROOT = auto;
				SUPPORTED_PLATFORMS = "iphoneos iphonesimulator macosx xros xrsimulator";
				SWIFT_EMIT_LOC_STRINGS = NO;
				SWIFT_VERSION = 5.0;
				TARGETED_DEVICE_FAMILY = "1,2,7";
				TEST_TARGET_NAME = "FHIR-HOSE";
				XROS_DEPLOYMENT_TARGET = 2.1;
			};
			name = Release;
		};
/* End XCBuildConfiguration section */

/* Begin XCConfigurationList section */
		41195CFD2CFFA99F00A188A9 /* Build configuration list for PBXProject "FHIR-HOSE" */ = {
			isa = XCConfigurationList;
			buildConfigurations = (
				41195D252CFFA9A000A188A9 /* Debug */,
				41195D262CFFA9A000A188A9 /* Release */,
			);
			defaultConfigurationIsVisible = 0;
			defaultConfigurationName = Release;
		};
		41195D272CFFA9A000A188A9 /* Build configuration list for PBXNativeTarget "FHIR-HOSE" */ = {
			isa = XCConfigurationList;
			buildConfigurations = (
				41195D282CFFA9A000A188A9 /* Debug */,
				41195D292CFFA9A000A188A9 /* Release */,
			);
			defaultConfigurationIsVisible = 0;
			defaultConfigurationName = Release;
		};
		41195D2A2CFFA9A000A188A9 /* Build configuration list for PBXNativeTarget "FHIR-HOSETests" */ = {
			isa = XCConfigurationList;
			buildConfigurations = (
				41195D2B2CFFA9A000A188A9 /* Debug */,
				41195D2C2CFFA9A000A188A9 /* Release */,
			);
			defaultConfigurationIsVisible = 0;
			defaultConfigurationName = Release;
		};
		41195D2D2CFFA9A000A188A9 /* Build configuration list for PBXNativeTarget "FHIR-HOSEUITests" */ = {
			isa = XCConfigurationList;
			buildConfigurations = (
				41195D2E2CFFA9A000A188A9 /* Debug */,
				41195D2F2CFFA9A000A188A9 /* Release */,
			);
			defaultConfigurationIsVisible = 0;
			defaultConfigurationName = Release;
		};
/* End XCConfigurationList section */

/* Begin XCRemoteSwiftPackageReference section */
		003F42F52F60CB50002B4999 /* XCRemoteSwiftPackageReference "llama" */ = {
			isa = XCRemoteSwiftPackageReference;
			repositoryURL = "https://github.com/mattt/llama.swift";
			requirement = {
				kind = upToNextMajorVersion;
				minimumVersion = 2.8261.0;
			};
		};
/* End XCRemoteSwiftPackageReference section */

/* Begin XCSwiftPackageProductDependency section */
		003F42F62F60CB50002B4999 /* LlamaSwift */ = {
			isa = XCSwiftPackageProductDependency;
			package = 003F42F52F60CB50002B4999 /* XCRemoteSwiftPackageReference "llama" */;
			productName = LlamaSwift;
		};
/* End XCSwiftPackageProductDependency section */
	};
	rootObject = 41195CFA2CFFA99F00A188A9 /* Project object */;
}
